
Microsoft Visual Studio Solution File, Format Version 12.00
# Visual Studio Version 17
VisualStudioVersion = 17.2.32616.157
MinimumVisualStudioVersion = 10.0.40219.1
Project("{2150E333-8FDC-42A3-9474-1A3956D46DE8}") = "Bibliotecas", "Bibliotecas", "{F110F512-9DAA-4BD0-BDC2-39FB60C2A18F}"
EndProject
Project("{FAE04EC0-301F-11D3-BF4B-00C04F79EFBC}") = "QueroBarApp.Core", "QueroBarApp.Core\QueroBarApp.Core.csproj", "{D147C518-29AB-46AA-803B-2C8DD6E2C02E}"
EndProject
Project("{2150E333-8FDC-42A3-9474-1A3956D46DE8}") = "Apresentacao", "Apresentacao", "{0388316E-6404-4CC8-B1EE-1430F824A6BF}"
EndProject
Project("{FAE04EC0-301F-11D3-BF4B-00C04F79EFBC}") = "QueroBarApp.ConsoleApp", "QueroBarApp.ConsoleApp\QueroBarApp.ConsoleApp.csproj", "{516E3FBD-550D-47F4-AD09-D450B58DCF43}"
EndProject
Project("{FAE04EC0-301F-11D3-BF4B-00C04F79EFBC}") = "QueroBarApp.Servicos", "QueroBarApp.Servicos\QueroBarApp.Servicos.csproj", "{C952E2A8-069C-43B1-A166-A632C7F20548}"
EndProject
Global
	GlobalSection(SolutionConfigurationPlatforms) = preSolution
		Debug|Any CPU = Debug|Any CPU
		Release|Any CPU = Release|Any CPU
	EndGlobalSection
	GlobalSection(ProjectConfigurationPlatforms) = postSolution
		{D147C518-29AB-46AA-803B-2C8DD6E2C02E}.Debug|Any CPU.ActiveCfg = Debug|Any CPU
		{D147C518-29AB-46AA-803B-2C8DD6E2C02E}.Debug|Any CPU.Build.0 = Debug|Any CPU
		{D147C518-29AB-46AA-803B-2C8DD6E2C02E}.Release|Any CPU.ActiveCfg = Release|Any CPU
		{D147C518-29AB-46AA-803B-2C8DD6E2C02E}.Release|Any CPU.Build.0 = Release|Any CPU
		{516E3FBD-550D-47F4-AD09-D450B58DCF43}.Debug|Any CPU.ActiveCfg = Debug|Any CPU
		{516E3FBD-550D-47F4-AD09-D450B58DCF43}.Debug|Any CPU.Build.0 = Debug|Any CPU
		{516E3FBD-550D-47F4-AD09-D450B58DCF43}.Release|Any CPU.ActiveCfg = Release|Any CPU
		{516E3FBD-550D-47F4-AD09-D450B58DCF43}.Release|Any CPU.Build.0 = Release|Any CPU
		{C952E2A8-069C-43B1-A166-A632C7F20548}.Debug|Any CPU.ActiveCfg = Debug|Any CPU
		{C952E2A8-069C-43B1-A166-A632C7F20548}.Debug|Any CPU.Build.0 = Debug|Any CPU
		{C952E2A8-069C-43B1-A166-A632C7F20548}.Release|Any CPU.ActiveCfg = Release|Any CPU
		{C952E2A8-069C-43B1-A166-A632C7F20548}.Release|Any CPU.Build.0 = Release|Any CPU
	EndGlobalSection
	GlobalSection(SolutionProperties) = preSolution
		HideSolutionNode = FALSE
	EndGlobalSection
	GlobalSection(NestedProjects) = preSolution
		{D147C518-29AB-46AA-803B-2C8DD6E2C02E} = {F110F512-9DAA-4BD0-BDC2-39FB60C2A18F}
		{516E3FBD-550D-47F4-AD09-D450B58DCF43} = {0388316E-6404-4CC8-B1EE-1430F824A6BF}
		{C952E2A8-069C-43B1-A166-A632C7F20548} = {F110F512-9DAA-4BD0-BDC2-39FB60C2A18F}
	EndGlobalSection
	GlobalSection(ExtensibilityGlobals) = postSolution
		SolutionGuid = {DB3CCA31-7B90-4B7B-9C38-8283A70CA4F7}
	EndGlobalSection
EndGlobal
